# @generated by Move, please check-in and do not edit manually.

[move]
version = 3
manifest_digest = "6D100787730872F32E0214F23585672A42A01369E1CEF5D946C02EFF2749E642"
deps_digest = "F8BBB0CCB2491CA29A3DF03D6F92277A4F3574266507ACD77214D37ECA3F3082"
dependencies = [
  { id = "Sui", name = "Sui" },
]

[[move.package]]
id = "MoveStdlib"
source = { git = "https://github.com/MystenLabs/sui.git", rev = "framework/mainnet", subdir = "crates/sui-framework/packages/move-stdlib" }

[[move.package]]
id = "Sui"
source = { git = "https://github.com/MystenLabs/sui.git", rev = "framework/mainnet", subdir = "crates/sui-framework/packages/sui-framework" }

dependencies = [
  { id = "MoveStdlib", name = "MoveStdlib" },
]

[move.toolchain-version]
compiler-version = "1.36.2"
edition = "2024.beta"
flavor = "sui"

[env]

[env.devnet]
chain-id = "54f83c42"
original-published-id = "0x5d2fc90df158d20151137f4c6d6642e46199e7c59b96b1cbac992ea76a8de9e7"
latest-published-id = "0x5d2fc90df158d20151137f4c6d6642e46199e7c59b96b1cbac992ea76a8de9e7"
published-version = "1"
