# @generated by Move, please check-in and do not edit manually.

[move]
version = 2
manifest_digest = "F39513B160DFB0A35D6CDFB69BE378EC7FE74239E7CEA772F5260C32B8CFAE38"
deps_digest = "3C4103934B1E040BB6B23F1D610B4EF9F2F1166A50A104EADCF77467C004C600"
dependencies = [
  { name = "Kiosk" },
  { name = "Sui" },
]

[[move.package]]
name = "Kiosk"
source = { git = "https://github.com/MystenLabs/apps.git", rev = "main", subdir = "kiosk" }

dependencies = [
  { name = "Sui" },
]

[[move.package]]
name = "MoveStdlib"
source = { git = "https://github.com/MystenLabs/sui.git", rev = "mainnet", subdir = "crates/sui-framework/packages/move-stdlib" }

[[move.package]]
name = "Sui"
source = { git = "https://github.com/MystenLabs/sui.git", rev = "mainnet", subdir = "crates/sui-framework/packages/sui-framework" }

dependencies = [
  { name = "MoveStdlib" },
]

[move.toolchain-version]
compiler-version = "1.30.1"
edition = "2024.beta"
flavor = "sui"

[env]

[env.mainnet]
chain-id = "35834a8a"
original-published-id = "0x27321bc52766f3ed3f809524ca0149bdbbf01f7f18bdccc261eab2dc5fa14589"
latest-published-id = "0x27321bc52766f3ed3f809524ca0149bdbbf01f7f18bdccc261eab2dc5fa14589"
published-version = "1"
