# @generated by Move, please check-in and do not edit manually.

[move]
version = 3
manifest_digest = "BA9E0D77AB728EA1F73DEB2F2DAAC2DECCE2CEFCCF363E2DD02F5160709EEEC1"
deps_digest = "F8BBB0CCB2491CA29A3DF03D6F92277A4F3574266507ACD77214D37ECA3F3082"
dependencies = [
  { id = "Sui", name = "Sui" },
]

[[move.package]]
id = "MoveStdlib"
source = { git = "https://github.com/MystenLabs/sui.git", rev = "framework/testnet", subdir = "crates/sui-framework/packages/move-stdlib" }

[[move.package]]
id = "Sui"
source = { git = "https://github.com/MystenLabs/sui.git", rev = "framework/testnet", subdir = "crates/sui-framework/packages/sui-framework" }

dependencies = [
  { id = "MoveStdlib", name = "MoveStdlib" },
]

[move.toolchain-version]
compiler-version = "1.39.3"
edition = "2024.beta"
flavor = "sui"

[env]

[env.testnet]
chain-id = "4c78adac"
original-published-id = "0xf55c5d376d418f6f2f254f934b5c8056187458e7c1884e9830307fce08ee2fdf"
latest-published-id = "0xf55c5d376d418f6f2f254f934b5c8056187458e7c1884e9830307fce08ee2fdf"
published-version = "1"
