# @generated by Move, please check-in and do not edit manually.

[move]
version = 2
manifest_digest = "4653F1C8CACE0A0C5A19152FCA7E266EA50FDF5BE35563E60203419C8C4FC599"
deps_digest = "060AD7E57DFB13104F21BE5F5C3759D03F0553FC3229247D9A7A6B45F50D03A3"
dependencies = [
  { name = "Kiosk" },
  { name = "Sui" },
  { name = "mover_nft" },
]

[[move.package]]
name = "Kiosk"
source = { git = "https://github.com/MystenLabs/apps.git", rev = "main", subdir = "kiosk" }

dependencies = [
  { name = "Sui" },
]

[[move.package]]
name = "MoveStdlib"
source = { git = "https://github.com/MystenLabs/sui.git", rev = "mainnet", subdir = "crates/sui-framework/packages/move-stdlib" }

[[move.package]]
name = "Sui"
source = { git = "https://github.com/MystenLabs/sui.git", rev = "mainnet", subdir = "crates/sui-framework/packages/sui-framework" }

dependencies = [
  { name = "MoveStdlib" },
]

[[move.package]]
name = "mover_nft"
source = { local = "../mover_nft" }

dependencies = [
  { name = "Kiosk" },
  { name = "Sui" },
]

[move.toolchain-version]
compiler-version = "1.30.1"
edition = "2024.beta"
flavor = "sui"

[env]

[env.mainnet]
chain-id = "35834a8a"
original-published-id = "0xde4b05571fc9788431781cb771db1d68d4c14d50edf1c6f3da9dd2e98c022278"
latest-published-id = "0xde4b05571fc9788431781cb771db1d68d4c14d50edf1c6f3da9dd2e98c022278"
published-version = "1"
