# @generated by Move, please check-in and do not edit manually.

[move]
version = 3
manifest_digest = "9F44EBCD6C39443B443B94E0A42209C999EC1BEE69C7D2642214B08155FC0CE8"
deps_digest = "397E6A9F7A624706DBDFEE056CE88391A15876868FD18A88504DA74EB458D697"
dependencies = [
  { id = "KapyAdventure", name = "KapyAdventure" },
  { id = "Kiosk", name = "Kiosk" },
  { id = "Sui", name = "Sui" },
  { id = "lesson_5", name = "lesson_5" },
  { id = "mover_nft", name = "mover_nft" },
]

[[move.package]]
id = "KapyAdventure"
source = { local = "../KapyAdventure" }

dependencies = [
  { id = "Sui", name = "Sui" },
]

[[move.package]]
id = "Kiosk"
source = { git = "https://github.com/MystenLabs/apps.git", rev = "main", subdir = "kiosk" }

dependencies = [
  { id = "Sui", name = "Sui" },
]

[[move.package]]
id = "MoveStdlib"
source = { git = "https://github.com/MystenLabs/sui.git", rev = "mainnet", subdir = "crates/sui-framework/packages/move-stdlib" }

[[move.package]]
id = "Sui"
source = { git = "https://github.com/MystenLabs/sui.git", rev = "mainnet", subdir = "crates/sui-framework/packages/sui-framework" }

dependencies = [
  { id = "MoveStdlib", name = "MoveStdlib" },
]

[[move.package]]
id = "lesson_5"
source = { local = "../Lesson5" }

dependencies = [
  { id = "Sui", name = "Sui" },
]

[[move.package]]
id = "mover_nft"
source = { local = "../Lesson6" }

dependencies = [
  { id = "Kiosk", name = "Kiosk" },
  { id = "Sui", name = "Sui" },
]

[move.toolchain-version]
compiler-version = "1.39.4"
edition = "2024.beta"
flavor = "sui"

[env]

[env.mainnet]
chain-id = "35834a8a"
original-published-id = "0xa3fcf900a51ea683bee5ad8a9cda64b0a2d48a18fe716fc910fad4f7a114a7ae"
latest-published-id = "0xfe6547fbe5b84f9638e88157c5b641a5d059119cb7a8283ff4a53c49b211d318"
published-version = "2"
