# @generated by Move, please check-in and do not edit manually.

[move]
version = 3
manifest_digest = "709E8E4481F8156DEF4E44EE0DE1FB4EE439263392A6618FE96B3820EF8AE717"
deps_digest = "3C4103934B1E040BB6B23F1D610B4EF9F2F1166A50A104EADCF77467C004C600"
dependencies = [
  { id = "KapyAdventure", name = "KapyAdventure" },
  { id = "Sui", name = "Sui" },
]

[[move.package]]
id = "KapyAdventure"
source = { git = "https://github.com/SuiMover/Sui-Mover-2024-2.git", rev = "main", subdir = "KapyAdventure" }

dependencies = [
  { id = "Sui", name = "Sui" },
]

[[move.package]]
id = "MoveStdlib"
source = { git = "https://github.com/MystenLabs/sui.git", rev = "framework/mainnet", subdir = "crates/sui-framework/packages/move-stdlib" }

[[move.package]]
id = "Sui"
source = { git = "https://github.com/MystenLabs/sui.git", rev = "framework/mainnet", subdir = "crates/sui-framework/packages/sui-framework" }

dependencies = [
  { id = "MoveStdlib", name = "MoveStdlib" },
]

[move.toolchain-version]
compiler-version = "1.38.3"
edition = "2024.beta"
flavor = "sui"

[env]

[env.mainnet]
chain-id = "35834a8a"
original-published-id = "0x40eccc7f6302e74de80f905fe80d3caedd008209a3a503b567be02161248c13d"
latest-published-id = "0xb2b8178c2d44be7e42836681d774aa743d692b72e03f0b67224419e69510ecd6"
published-version = "2"
